// !$*UTF8*$!
{
	archiveVersion = 1;
	classes = {
	};
	objectVersion = 50;
	objects = {

/* Begin PBXBuildFile section */
		2743DC512502A1E40044EADC /* AppDelegate.swift in Sources */ = {isa = PBXBuildFile; fileRef = 2743DC502502A1E40044EADC /* AppDelegate.swift */; };
		2743DC552502A1E40044EADC /* ViewController.swift in Sources */ = {isa = PBXBuildFile; fileRef = 2743DC542502A1E40044EADC /* ViewController.swift */; };
		2743DC582502A1E40044EADC /* Main.storyboard in Resources */ = {isa = PBXBuildFile; fileRef = 2743DC562502A1E40044EADC /* Main.storyboard */; };
		2743DC5A2502A1E50044EADC /* Assets.xcassets in Resources */ = {isa = PBXBuildFile; fileRef = 2743DC592502A1E50044EADC /* Assets.xcassets */; };
		2743DC5D2502A1E50044EADC /* LaunchScreen.storyboard in Resources */ = {isa = PBXBuildFile; fileRef = 2743DC5B2502A1E50044EADC /* LaunchScreen.storyboard */; };
		2743DC672502AA060044EADC /* DataCollectionViewCell.swift in Sources */ = {isa = PBXBuildFile; fileRef = 2743DC652502AA060044EADC /* DataCollectionViewCell.swift */; };
		2743DC682502AA060044EADC /* DataCollectionViewCell.xib in Resources */ = {isa = PBXBuildFile; fileRef = 2743DC662502AA060044EADC /* DataCollectionViewCell.xib */; };
/* End PBXBuildFile section */

/* Begin PBXFileReference section */
		2743DC4D2502A1E40044EADC /* ParallaxWithSegment.app */ = {isa = PBXFileReference; explicitFileType = wrapper.application; includeInIndex = 0; path = ParallaxWithSegment.app; sourceTree = BUILT_PRODUCTS_DIR; };
		2743DC502502A1E40044EADC /* AppDelegate.swift */ = {isa = PBXFileReference; lastKnownFileType = sourcecode.swift; path = AppDelegate.swift; sourceTree = "<group>"; };
		2743DC542502A1E40044EADC /* ViewController.swift */ = {isa = PBXFileReference; lastKnownFileType = sourcecode.swift; path = ViewController.swift; sourceTree = "<group>"; };
		2743DC572502A1E40044EADC /* Base */ = {isa = PBXFileReference; lastKnownFileType = file.storyboard; name = Base; path = Base.lproj/Main.storyboard; sourceTree = "<group>"; };
		2743DC592502A1E50044EADC /* Assets.xcassets */ = {isa = PBXFileReference; lastKnownFileType = folder.assetcatalog; path = Assets.xcassets; sourceTree = "<group>"; };
		2743DC5C2502A1E50044EADC /* Base */ = {isa = PBXFileReference; lastKnownFileType = file.storyboard; name = Base; path = Base.lproj/LaunchScreen.storyboard; sourceTree = "<group>"; };
		2743DC5E2502A1E50044EADC /* Info.plist */ = {isa = PBXFileReference; lastKnownFileType = text.plist.xml; path = Info.plist; sourceTree = "<group>"; };
		2743DC652502AA060044EADC /* DataCollectionViewCell.swift */ = {isa = PBXFileReference; lastKnownFileType = sourcecode.swift; path = DataCollectionViewCell.swift; sourceTree = "<group>"; };
		2743DC662502AA060044EADC /* DataCollectionViewCell.xib */ = {isa = PBXFileReference; lastKnownFileType = file.xib; path = DataCollectionViewCell.xib; sourceTree = "<group>"; };
/* End PBXFileReference section */

/* Begin PBXFrameworksBuildPhase section */
		2743DC4A2502A1E40044EADC /* Frameworks */ = {
			isa = PBXFrameworksBuildPhase;
			buildActionMask = 2147483647;
			files = (
			);
			runOnlyForDeploymentPostprocessing = 0;
		};
/* End PBXFrameworksBuildPhase section */

/* Begin PBXGroup section */
		2743DC442502A1E40044EADC = {
			isa = PBXGroup;
			children = (
				2743DC4F2502A1E40044EADC /* ParallaxWithSegment */,
				2743DC4E2502A1E40044EADC /* Products */,
			);
			sourceTree = "<group>";
		};
		2743DC4E2502A1E40044EADC /* Products */ = {
			isa = PBXGroup;
			children = (
				2743DC4D2502A1E40044EADC /* ParallaxWithSegment.app */,
			);
			name = Products;
			sourceTree = "<group>";
		};
		2743DC4F2502A1E40044EADC /* ParallaxWithSegment */ = {
			isa = PBXGroup;
			children = (
				2743DC502502A1E40044EADC /* AppDelegate.swift */,
				2743DC542502A1E40044EADC /* ViewController.swift */,
				2743DC562502A1E40044EADC /* Main.storyboard */,
				2743DC642502A9EB0044EADC /* Cell */,
				2743DC592502A1E50044EADC /* Assets.xcassets */,
				2743DC5B2502A1E50044EADC /* LaunchScreen.storyboard */,
				2743DC5E2502A1E50044EADC /* Info.plist */,
			);
			path = ParallaxWithSegment;
			sourceTree = "<group>";
		};
		2743DC642502A9EB0044EADC /* Cell */ = {
			isa = PBXGroup;
			children = (
				2743DC652502AA060044EADC /* DataCollectionViewCell.swift */,
				2743DC662502AA060044EADC /* DataCollectionViewCell.xib */,
			);
			path = Cell;
			sourceTree = "<group>";
		};
/* End PBXGroup section */

/* Begin PBXNativeTarget section */
		2743DC4C2502A1E40044EADC /* ParallaxWithSegment */ = {
			isa = PBXNativeTarget;
			buildConfigurationList = 2743DC612502A1E50044EADC /* Build configuration list for PBXNativeTarget "ParallaxWithSegment" */;
			buildPhases = (
				2743DC492502A1E40044EADC /* Sources */,
				2743DC4A2502A1E40044EADC /* Frameworks */,
				2743DC4B2502A1E40044EADC /* Resources */,
			);
			buildRules = (
			);
			dependencies = (
			);
			name = ParallaxWithSegment;
			productName = ParallaxWithSegment;
			productReference = 2743DC4D2502A1E40044EADC /* ParallaxWithSegment.app */;
			productType = "com.apple.product-type.application";
		};
/* End PBXNativeTarget section */

/* Begin PBXProject section */
		2743DC452502A1E40044EADC /* Project object */ = {
			isa = PBXProject;
			attributes = {
				LastSwiftUpdateCheck = 1160;
				LastUpgradeCheck = 1160;
				ORGANIZATIONNAME = "Drink Sirichai";
				TargetAttributes = {
					2743DC4C2502A1E40044EADC = {
						CreatedOnToolsVersion = 11.6;
					};
				};
			};
			buildConfigurationList = 2743DC482502A1E40044EADC /* Build configuration list for PBXProject "ParallaxWithSegment" */;
			compatibilityVersion = "Xcode 9.3";
			developmentRegion = en;
			hasScannedForEncodings = 0;
			knownRegions = (
				en,
				Base,
			);
			mainGroup = 2743DC442502A1E40044EADC;
			productRefGroup = 2743DC4E2502A1E40044EADC /* Products */;
			projectDirPath = "";
			projectRoot = "";
			targets = (
				2743DC4C2502A1E40044EADC /* ParallaxWithSegment */,
			);
		};
/* End PBXProject section */

/* Begin PBXResourcesBuildPhase section */
		2743DC4B2502A1E40044EADC /* Resources */ = {
			isa = PBXResourcesBuildPhase;
			buildActionMask = 2147483647;
			files = (
				2743DC682502AA060044EADC /* DataCollectionViewCell.xib in Resources */,
				2743DC5D2502A1E50044EADC /* LaunchScreen.storyboard in Resources */,
				2743DC5A2502A1E50044EADC /* Assets.xcassets in Resources */,
				2743DC582502A1E40044EADC /* Main.storyboard in Resources */,
			);
			runOnlyForDeploymentPostprocessing = 0;
		};
/* End PBXResourcesBuildPhase section */

/* Begin PBXSourcesBuildPhase section */
		2743DC492502A1E40044EADC /* Sources */ = {
			isa = PBXSourcesBuildPhase;
			buildActionMask = 2147483647;
			files = (
				2743DC552502A1E40044EADC /* ViewController.swift in Sources */,
				2743DC672502AA060044EADC /* DataCollectionViewCell.swift in Sources */,
				2743DC512502A1E40044EADC /* AppDelegate.swift in Sources */,
			);
			runOnlyForDeploymentPostprocessing = 0;
		};
/* End PBXSourcesBuildPhase section */

/* Begin PBXVariantGroup section */
		2743DC562502A1E40044EADC /* Main.storyboard */ = {
			isa = PBXVariantGroup;
			children = (
				2743DC572502A1E40044EADC /* Base */,
			);
			name = Main.storyboard;
			sourceTree = "<group>";
		};
		2743DC5B2502A1E50044EADC /* LaunchScreen.storyboard */ = {
			isa = PBXVariantGroup;
			children = (
				2743DC5C2502A1E50044EADC /* Base */,
			);
			name = LaunchScreen.storyboard;
			sourceTree = "<group>";
		};
/* End PBXVariantGroup section */

/* Begin XCBuildConfiguration section */
		2743DC5F2502A1E50044EADC /* Debug */ = {
			isa = XCBuildConfiguration;
			buildSettings = {
				ALWAYS_SEARCH_USER_PATHS = NO;
				CLANG_ANALYZER_NONNULL = YES;
				CLANG_ANALYZER_NUMBER_OBJECT_CONVERSION = YES_AGGRESSIVE;
				CLANG_CXX_LANGUAGE_STANDARD = "gnu++14";
				CLANG_CXX_LIBRARY = "libc++";
				CLANG_ENABLE_MODULES = YES;
				CLANG_ENABLE_OBJC_ARC = YES;
				CLANG_ENABLE_OBJC_WEAK = YES;
				CLANG_WARN_BLOCK_CAPTURE_AUTORELEASING = YES;
				CLANG_WARN_BOOL_CONVERSION = YES;
				CLANG_WARN_COMMA = YES;
				CLANG_WARN_CONSTANT_CONVERSION = YES;
				CLANG_WARN_DEPRECATED_OBJC_IMPLEMENTATIONS = YES;
				CLANG_WARN_DIRECT_OBJC_ISA_USAGE = YES_ERROR;
				CLANG_WARN_DOCUMENTATION_COMMENTS = YES;
				CLANG_WARN_EMPTY_BODY = YES;
				CLANG_WARN_ENUM_CONVERSION = YES;
				CLANG_WARN_INFINITE_RECURSION = YES;
				CLANG_WARN_INT_CONVERSION = YES;
				CLANG_WARN_NON_LITERAL_NULL_CONVERSION = YES;
				CLANG_WARN_OBJC_IMPLICIT_RETAIN_SELF = YES;
				CLANG_WARN_OBJC_LITERAL_CONVERSION = YES;
				CLANG_WARN_OBJC_ROOT_CLASS = YES_ERROR;
				CLANG_WARN_RANGE_LOOP_ANALYSIS = YES;
				CLANG_WARN_STRICT_PROTOTYPES = YES;
				CLANG_WARN_SUSPICIOUS_MOVE = YES;
				CLANG_WARN_UNGUARDED_AVAILABILITY = YES_AGGRESSIVE;
				CLANG_WARN_UNREACHABLE_CODE = YES;
				CLANG_WARN__DUPLICATE_METHOD_MATCH = YES;
				COPY_PHASE_STRIP = NO;
				DEBUG_INFORMATION_FORMAT = dwarf;
				ENABLE_STRICT_OBJC_MSGSEND = YES;
				ENABLE_TESTABILITY = YES;
				GCC_C_LANGUAGE_STANDARD = gnu11;
				GCC_DYNAMIC_NO_PIC = NO;
				GCC_NO_COMMON_BLOCKS = YES;
				GCC_OPTIMIZATION_LEVEL = 0;
				GCC_PREPROCESSOR_DEFINITIONS = (
					"DEBUG=1",
					"$(inherited)",
				);
				GCC_WARN_64_TO_32_BIT_CONVERSION = YES;
				GCC_WARN_ABOUT_RETURN_TYPE = YES_ERROR;
				GCC_WARN_UNDECLARED_SELECTOR = YES;
				GCC_WARN_UNINITIALIZED_AUTOS = YES_AGGRESSIVE;
				GCC_WARN_UNUSED_FUNCTION = YES;
				GCC_WARN_UNUSED_VARIABLE = YES;
				IPHONEOS_DEPLOYMENT_TARGET = 13.6;
				MTL_ENABLE_DEBUG_INFO = INCLUDE_SOURCE;
				MTL_FAST_MATH = YES;
				ONLY_ACTIVE_ARCH = YES;
				SDKROOT = iphoneos;
				SWIFT_ACTIVE_COMPILATION_CONDITIONS = DEBUG;
				SWIFT_OPTIMIZATION_LEVEL = "-Onone";
			};
			name = Debug;
		};
		2743DC602502A1E50044EADC /* Release */ = {
			isa = XCBuildConfiguration;
			buildSettings = {
				ALWAYS_SEARCH_USER_PATHS = NO;
				CLANG_ANALYZER_NONNULL = YES;
				CLANG_ANALYZER_NUMBER_OBJECT_CONVERSION = YES_AGGRESSIVE;
				CLANG_CXX_LANGUAGE_STANDARD = "gnu++14";
				CLANG_CXX_LIBRARY = "libc++";
				CLANG_ENABLE_MODULES = YES;
				CLANG_ENABLE_OBJC_ARC = YES;
				CLANG_ENABLE_OBJC_WEAK = YES;
				CLANG_WARN_BLOCK_CAPTURE_AUTORELEASING = YES;
				CLANG_WARN_BOOL_CONVERSION = YES;
				CLANG_WARN_COMMA = YES;
				CLANG_WARN_CONSTANT_CONVERSION = YES;
				CLANG_WARN_DEPRECATED_OBJC_IMPLEMENTATIONS = YES;
				CLANG_WARN_DIRECT_OBJC_ISA_USAGE = YES_ERROR;
				CLANG_WARN_DOCUMENTATION_COMMENTS = YES;
				CLANG_WARN_EMPTY_BODY = YES;
				CLANG_WARN_ENUM_CONVERSION = YES;
				CLANG_WARN_INFINITE_RECURSION = YES;
				CLANG_WARN_INT_CONVERSION = YES;
				CLANG_WARN_NON_LITERAL_NULL_CONVERSION = YES;
				CLANG_WARN_OBJC_IMPLICIT_RETAIN_SELF = YES;
				CLANG_WARN_OBJC_LITERAL_CONVERSION = YES;
				CLANG_WARN_OBJC_ROOT_CLASS = YES_ERROR;
				CLANG_WARN_RANGE_LOOP_ANALYSIS = YES;
				CLANG_WARN_STRICT_PROTOTYPES = YES;
				CLANG_WARN_SUSPICIOUS_MOVE = YES;
				CLANG_WARN_UNGUARDED_AVAILABILITY = YES_AGGRESSIVE;
				CLANG_WARN_UNREACHABLE_CODE = YES;
				CLANG_WARN__DUPLICATE_METHOD_MATCH = YES;
				COPY_PHASE_STRIP = NO;
				DEBUG_INFORMATION_FORMAT = "dwarf-with-dsym";
				ENABLE_NS_ASSERTIONS = NO;
				ENABLE_STRICT_OBJC_MSGSEND = YES;
				GCC_C_LANGUAGE_STANDARD = gnu11;
				GCC_NO_COMMON_BLOCKS = YES;
				GCC_WARN_64_TO_32_BIT_CONVERSION = YES;
				GCC_WARN_ABOUT_RETURN_TYPE = YES_ERROR;
				GCC_WARN_UNDECLARED_SELECTOR = YES;
				GCC_WARN_UNINITIALIZED_AUTOS = YES_AGGRESSIVE;
				GCC_WARN_UNUSED_FUNCTION = YES;
				GCC_WARN_UNUSED_VARIABLE = YES;
				IPHONEOS_DEPLOYMENT_TARGET = 13.6;
				MTL_ENABLE_DEBUG_INFO = NO;
				MTL_FAST_MATH = YES;
				SDKROOT = iphoneos;
				SWIFT_COMPILATION_MODE = wholemodule;
				SWIFT_OPTIMIZATION_LEVEL = "-O";
				VALIDATE_PRODUCT = YES;
			};
			name = Release;
		};
		2743DC622502A1E50044EADC /* Debug */ = {
			isa = XCBuildConfiguration;
			buildSettings = {
				ASSETCATALOG_COMPILER_APPICON_NAME = AppIcon;
				CODE_SIGN_STYLE = Automatic;
				DEVELOPMENT_TEAM = V57X9C4679;
				INFOPLIST_FILE = ParallaxWithSegment/Info.plist;
				IPHONEOS_DEPLOYMENT_TARGET = 12.0;
				LD_RUNPATH_SEARCH_PATHS = (
					"$(inherited)",
					"@executable_path/Frameworks",
				);
				PRODUCT_BUNDLE_IDENTIFIER = TestAToMiZ.ParallaxWithSegment;
				PRODUCT_NAME = "$(TARGET_NAME)";
				SWIFT_VERSION = 5.0;
				TARGETED_DEVICE_FAMILY = "1,2";
			};
			name = Debug;
		};
		2743DC632502A1E50044EADC /* Release */ = {
			isa = XCBuildConfiguration;
			buildSettings = {
				ASSETCATALOG_COMPILER_APPICON_NAME = AppIcon;
				CODE_SIGN_STYLE = Automatic;
				DEVELOPMENT_TEAM = V57X9C4679;
				INFOPLIST_FILE = ParallaxWithSegment/Info.plist;
				IPHONEOS_DEPLOYMENT_TARGET = 12.0;
				LD_RUNPATH_SEARCH_PATHS = (
					"$(inherited)",
					"@executable_path/Frameworks",
				);
				PRODUCT_BUNDLE_IDENTIFIER = TestAToMiZ.ParallaxWithSegment;
				PRODUCT_NAME = "$(TARGET_NAME)";
				SWIFT_VERSION = 5.0;
				TARGETED_DEVICE_FAMILY = "1,2";
			};
			name = Release;
		};
/* End XCBuildConfiguration section */

/* Begin XCConfigurationList section */
		2743DC482502A1E40044EADC /* Build configuration list for PBXProject "ParallaxWithSegment" */ = {
			isa = XCConfigurationList;
			buildConfigurations = (
				2743DC5F2502A1E50044EADC /* Debug */,
				2743DC602502A1E50044EADC /* Release */,
			);
			defaultConfigurationIsVisible = 0;
			defaultConfigurationName = Release;
		};
		2743DC612502A1E50044EADC /* Build configuration list for PBXNativeTarget "ParallaxWithSegment" */ = {
			isa = XCConfigurationList;
			buildConfigurations = (
				2743DC622502A1E50044EADC /* Debug */,
				2743DC632502A1E50044EADC /* Release */,
			);
			defaultConfigurationIsVisible = 0;
			defaultConfigurationName = Release;
		};
/* End XCConfigurationList section */
	};
	rootObject = 2743DC452502A1E40044EADC /* Project object */;
}
